
Microsoft Visual Studio Solution File, Format Version 12.00
# Visual Studio Version 17
VisualStudioVersion = 17.7.34024.191
MinimumVisualStudioVersion = 10.0.40219.1
Project("{FAE04EC0-301F-11D3-BF4B-00C04F79EFBC}") = "TestCaseRestApi", "TestCaseRestApi\TestCaseRestApi.csproj", "{2A498B7C-BD98-4359-AD24-DE6F0D87FE16}"
EndProject
Global
	GlobalSection(SolutionConfigurationPlatforms) = preSolution
		Debug|Any CPU = Debug|Any CPU
		Release|Any CPU = Release|Any CPU
	EndGlobalSection
	GlobalSection(ProjectConfigurationPlatforms) = postSolution
		{2A498B7C-BD98-4359-AD24-DE6F0D87FE16}.Debug|Any CPU.ActiveCfg = Debug|Any CPU
		{2A498B7C-BD98-4359-AD24-DE6F0D87FE16}.Debug|Any CPU.Build.0 = Debug|Any CPU
		{2A498B7C-BD98-4359-AD24-DE6F0D87FE16}.Debug|x86.ActiveCfg = Debug|Any CPU
		{2A498B7C-BD98-4359-AD24-DE6F0D87FE16}.Debug|x86.Build.0 = Debug|Any CPU
		{2A498B7C-BD98-4359-AD24-DE6F0D87FE16}.Release|Any CPU.ActiveCfg = Release|Any CPU
		{2A498B7C-BD98-4359-AD24-DE6F0D87FE16}.Release|Any CPU.Build.0 = Release|Any CPU
		{2A498B7C-BD98-4359-AD24-DE6F0D87FE16}.Release|x86.ActiveCfg = Release|Any CPU
		{2A498B7C-BD98-4359-AD24-DE6F0D87FE16}.Release|x86.Build.0 = Release|Any CPU
		{B40490FC-2CE7-4723-98CD-B5AF9D566888}.Debug|Any CPU.ActiveCfg = Debug|x86
		{B40490FC-2CE7-4723-98CD-B5AF9D566888}.Debug|Any CPU.Build.0 = Debug|x86
		{B40490FC-2CE7-4723-98CD-B5AF9D566888}.Debug|x86.ActiveCfg = Debug|x86
		{B40490FC-2CE7-4723-98CD-B5AF9D566888}.Debug|x86.Build.0 = Debug|x86
		{B40490FC-2CE7-4723-98CD-B5AF9D566888}.Release|Any CPU.ActiveCfg = Release|x86
		{B40490FC-2CE7-4723-98CD-B5AF9D566888}.Release|Any CPU.Build.0 = Release|x86
		{B40490FC-2CE7-4723-98CD-B5AF9D566888}.Release|x86.ActiveCfg = Release|x86
		{B40490FC-2CE7-4723-98CD-B5AF9D566888}.Release|x86.Build.0 = Release|x86
	EndGlobalSection
	GlobalSection(SolutionProperties) = preSolution
		HideSolutionNode = FALSE
	EndGlobalSection
	GlobalSection(ExtensibilityGlobals) = postSolution
		SolutionGuid = {4453CD3F-6096-4524-92AF-FDCAC03E3D71}
	EndGlobalSection
EndGlobal
